
Microsoft Visual Studio Solution File, Format Version 12.00
# Visual Studio 15
VisualStudioVersion = 15.0.26730.10
MinimumVisualStudioVersion = 10.0.40219.1
Project("{FAE04EC0-301F-11D3-BF4B-00C04F79EFBC}") = "Onefourseven.Swagger", "Onefourseven.Swagger.csproj", "{90505842-ED72-43BE-803D-224D4B99B8CA}"
EndProject
Global
	GlobalSection(SolutionConfigurationPlatforms) = preSolution
		Debug|Any CPU = Debug|Any CPU
		Release|Any CPU = Release|Any CPU
	EndGlobalSection
	GlobalSection(ProjectConfigurationPlatforms) = postSolution
		{90505842-ED72-43BE-803D-224D4B99B8CA}.Debug|Any CPU.ActiveCfg = Debug|Any CPU
		{90505842-ED72-43BE-803D-224D4B99B8CA}.Debug|Any CPU.Build.0 = Debug|Any CPU
		{90505842-ED72-43BE-803D-224D4B99B8CA}.Release|Any CPU.ActiveCfg = Release|Any CPU
		{90505842-ED72-43BE-803D-224D4B99B8CA}.Release|Any CPU.Build.0 = Release|Any CPU
	EndGlobalSection
	GlobalSection(SolutionProperties) = preSolution
		HideSolutionNode = FALSE
	EndGlobalSection
	GlobalSection(ExtensibilityGlobals) = postSolution
		SolutionGuid = {B5366937-7699-46BA-A18B-441CA3EDFF3E}
	EndGlobalSection
EndGlobal
